// !$*UTF8*$!
{
	archiveVersion = 1;
	classes = {
	};
	objectVersion = 50;
	objects = {

/* Begin PBXBuildFile section */
		4B07359E20ABB761008BBD76 /* TabBarController.swift in Sources */ = {isa = PBXBuildFile; fileRef = 4B07359D20ABB761008BBD76 /* TabBarController.swift */; };
		4B0735A020ABBA16008BBD76 /* FavoritesViewController.swift in Sources */ = {isa = PBXBuildFile; fileRef = 4B07359F20ABBA16008BBD76 /* FavoritesViewController.swift */; };
		4B4CED1D20ABAB5F00365807 /* AppDelegate.swift in Sources */ = {isa = PBXBuildFile; fileRef = 4B4CED1C20ABAB5F00365807 /* AppDelegate.swift */; };
		4B4CED1F20ABAB5F00365807 /* ResultsViewController.swift in Sources */ = {isa = PBXBuildFile; fileRef = 4B4CED1E20ABAB5F00365807 /* ResultsViewController.swift */; };
		4B4CED2420ABAB6000365807 /* Assets.xcassets in Resources */ = {isa = PBXBuildFile; fileRef = 4B4CED2320ABAB6000365807 /* Assets.xcassets */; };
		4B4CED2720ABAB6000365807 /* LaunchScreen.storyboard in Resources */ = {isa = PBXBuildFile; fileRef = 4B4CED2520ABAB6000365807 /* LaunchScreen.storyboard */; };
		4B4CED3220ABAB6000365807 /* kitsuneTests.swift in Sources */ = {isa = PBXBuildFile; fileRef = 4B4CED3120ABAB6000365807 /* kitsuneTests.swift */; };
		4B4CED3D20ABAB6000365807 /* kitsuneUITests.swift in Sources */ = {isa = PBXBuildFile; fileRef = 4B4CED3C20ABAB6000365807 /* kitsuneUITests.swift */; };
		4BD1F83F20ABDBE500B13700 /* Category.swift in Sources */ = {isa = PBXBuildFile; fileRef = 4BD1F83E20ABDBE500B13700 /* Category.swift */; };
		4BD1F84120ABDC1700B13700 /* Result.swift in Sources */ = {isa = PBXBuildFile; fileRef = 4BD1F84020ABDC1700B13700 /* Result.swift */; };
		4BD1F84420ABDCE300B13700 /* ResultLocation.swift in Sources */ = {isa = PBXBuildFile; fileRef = 4BD1F84320ABDCE300B13700 /* ResultLocation.swift */; };
		4BD1F84720ABDD4200B13700 /* YelpAPIResponse.swift in Sources */ = {isa = PBXBuildFile; fileRef = 4BD1F84620ABDD4200B13700 /* YelpAPIResponse.swift */; };
		EE8715C020ABBDC100FA9609 /* SettingsViewController.swift in Sources */ = {isa = PBXBuildFile; fileRef = EE8715BF20ABBDC100FA9609 /* SettingsViewController.swift */; };
		EE8715C320ABBE2F00FA9609 /* Kitsune.xcdatamodeld in Sources */ = {isa = PBXBuildFile; fileRef = EE8715C120ABBE2F00FA9609 /* Kitsune.xcdatamodeld */; };
/* End PBXBuildFile section */

/* Begin PBXContainerItemProxy section */
		4B4CED2E20ABAB6000365807 /* PBXContainerItemProxy */ = {
			isa = PBXContainerItemProxy;
			containerPortal = 4B4CED1120ABAB5F00365807 /* Project object */;
			proxyType = 1;
			remoteGlobalIDString = 4B4CED1820ABAB5F00365807;
			remoteInfo = kitsune;
		};
		4B4CED3920ABAB6000365807 /* PBXContainerItemProxy */ = {
			isa = PBXContainerItemProxy;
			containerPortal = 4B4CED1120ABAB5F00365807 /* Project object */;
			proxyType = 1;
			remoteGlobalIDString = 4B4CED1820ABAB5F00365807;
			remoteInfo = kitsune;
		};
/* End PBXContainerItemProxy section */

/* Begin PBXFileReference section */
		4B07359D20ABB761008BBD76 /* TabBarController.swift */ = {isa = PBXFileReference; lastKnownFileType = sourcecode.swift; path = TabBarController.swift; sourceTree = "<group>"; };
		4B07359F20ABBA16008BBD76 /* FavoritesViewController.swift */ = {isa = PBXFileReference; lastKnownFileType = sourcecode.swift; path = FavoritesViewController.swift; sourceTree = "<group>"; };
		4B4CED1920ABAB5F00365807 /* kitsune.app */ = {isa = PBXFileReference; explicitFileType = wrapper.application; includeInIndex = 0; path = kitsune.app; sourceTree = BUILT_PRODUCTS_DIR; };
		4B4CED1C20ABAB5F00365807 /* AppDelegate.swift */ = {isa = PBXFileReference; lastKnownFileType = sourcecode.swift; path = AppDelegate.swift; sourceTree = "<group>"; };
		4B4CED1E20ABAB5F00365807 /* ResultsViewController.swift */ = {isa = PBXFileReference; lastKnownFileType = sourcecode.swift; path = ResultsViewController.swift; sourceTree = "<group>"; };
		4B4CED2320ABAB6000365807 /* Assets.xcassets */ = {isa = PBXFileReference; lastKnownFileType = folder.assetcatalog; path = Assets.xcassets; sourceTree = "<group>"; };
		4B4CED2620ABAB6000365807 /* Base */ = {isa = PBXFileReference; lastKnownFileType = file.storyboard; name = Base; path = Base.lproj/LaunchScreen.storyboard; sourceTree = "<group>"; };
		4B4CED2820ABAB6000365807 /* Info.plist */ = {isa = PBXFileReference; lastKnownFileType = text.plist.xml; path = Info.plist; sourceTree = "<group>"; };
		4B4CED2D20ABAB6000365807 /* kitsuneTests.xctest */ = {isa = PBXFileReference; explicitFileType = wrapper.cfbundle; includeInIndex = 0; path = kitsuneTests.xctest; sourceTree = BUILT_PRODUCTS_DIR; };
		4B4CED3120ABAB6000365807 /* kitsuneTests.swift */ = {isa = PBXFileReference; lastKnownFileType = sourcecode.swift; path = kitsuneTests.swift; sourceTree = "<group>"; };
		4B4CED3320ABAB6000365807 /* Info.plist */ = {isa = PBXFileReference; lastKnownFileType = text.plist.xml; path = Info.plist; sourceTree = "<group>"; };
		4B4CED3820ABAB6000365807 /* kitsuneUITests.xctest */ = {isa = PBXFileReference; explicitFileType = wrapper.cfbundle; includeInIndex = 0; path = kitsuneUITests.xctest; sourceTree = BUILT_PRODUCTS_DIR; };
		4B4CED3C20ABAB6000365807 /* kitsuneUITests.swift */ = {isa = PBXFileReference; lastKnownFileType = sourcecode.swift; path = kitsuneUITests.swift; sourceTree = "<group>"; };
		4B4CED3E20ABAB6000365807 /* Info.plist */ = {isa = PBXFileReference; lastKnownFileType = text.plist.xml; path = Info.plist; sourceTree = "<group>"; };
		4BD1F83E20ABDBE500B13700 /* Category.swift */ = {isa = PBXFileReference; lastKnownFileType = sourcecode.swift; path = Category.swift; sourceTree = "<group>"; };
		4BD1F84020ABDC1700B13700 /* Result.swift */ = {isa = PBXFileReference; lastKnownFileType = sourcecode.swift; path = Result.swift; sourceTree = "<group>"; };
		4BD1F84320ABDCE300B13700 /* ResultLocation.swift */ = {isa = PBXFileReference; lastKnownFileType = sourcecode.swift; path = ResultLocation.swift; sourceTree = "<group>"; };
		4BD1F84620ABDD4200B13700 /* YelpAPIResponse.swift */ = {isa = PBXFileReference; lastKnownFileType = sourcecode.swift; path = YelpAPIResponse.swift; sourceTree = "<group>"; };
		EE8715BF20ABBDC100FA9609 /* SettingsViewController.swift */ = {isa = PBXFileReference; fileEncoding = 4; lastKnownFileType = sourcecode.swift; path = SettingsViewController.swift; sourceTree = "<group>"; };
		EE8715C220ABBE2F00FA9609 /* Kitsune.xcdatamodel */ = {isa = PBXFileReference; lastKnownFileType = wrapper.xcdatamodel; path = Kitsune.xcdatamodel; sourceTree = "<group>"; };
/* End PBXFileReference section */

/* Begin PBXFrameworksBuildPhase section */
		4B4CED1620ABAB5F00365807 /* Frameworks */ = {
			isa = PBXFrameworksBuildPhase;
			buildActionMask = 2147483647;
			files = (
			);
			runOnlyForDeploymentPostprocessing = 0;
		};
		4B4CED2A20ABAB6000365807 /* Frameworks */ = {
			isa = PBXFrameworksBuildPhase;
			buildActionMask = 2147483647;
			files = (
			);
			runOnlyForDeploymentPostprocessing = 0;
		};
		4B4CED3520ABAB6000365807 /* Frameworks */ = {
			isa = PBXFrameworksBuildPhase;
			buildActionMask = 2147483647;
			files = (
			);
			runOnlyForDeploymentPostprocessing = 0;
		};
/* End PBXFrameworksBuildPhase section */

/* Begin PBXGroup section */
		4B4CED1020ABAB5F00365807 = {
			isa = PBXGroup;
			children = (
				4B4CED1B20ABAB5F00365807 /* kitsune */,
				4B4CED3020ABAB6000365807 /* kitsuneTests */,
				4B4CED3B20ABAB6000365807 /* kitsuneUITests */,
				4B4CED1A20ABAB5F00365807 /* Products */,
			);
			sourceTree = "<group>";
		};
		4B4CED1A20ABAB5F00365807 /* Products */ = {
			isa = PBXGroup;
			children = (
				4B4CED1920ABAB5F00365807 /* kitsune.app */,
				4B4CED2D20ABAB6000365807 /* kitsuneTests.xctest */,
				4B4CED3820ABAB6000365807 /* kitsuneUITests.xctest */,
			);
			name = Products;
			sourceTree = "<group>";
		};
		4B4CED1B20ABAB5F00365807 /* kitsune */ = {
			isa = PBXGroup;
			children = (
				4B4CED1C20ABAB5F00365807 /* AppDelegate.swift */,
				4B07359D20ABB761008BBD76 /* TabBarController.swift */,
				4B4CED1E20ABAB5F00365807 /* ResultsViewController.swift */,
				4B07359F20ABBA16008BBD76 /* FavoritesViewController.swift */,
				EE8715BF20ABBDC100FA9609 /* SettingsViewController.swift */,
				4BD1F83D20ABDBCB00B13700 /* APIResponseClasses */,
				4B4CED2520ABAB6000365807 /* LaunchScreen.storyboard */,
				4B4CED2320ABAB6000365807 /* Assets.xcassets */,
				EE8715C120ABBE2F00FA9609 /* Kitsune.xcdatamodeld */,
				4B4CED2820ABAB6000365807 /* Info.plist */,
			);
			path = kitsune;
			sourceTree = "<group>";
		};
		4B4CED3020ABAB6000365807 /* kitsuneTests */ = {
			isa = PBXGroup;
			children = (
				4B4CED3120ABAB6000365807 /* kitsuneTests.swift */,
				4B4CED3320ABAB6000365807 /* Info.plist */,
			);
			path = kitsuneTests;
			sourceTree = "<group>";
		};
		4B4CED3B20ABAB6000365807 /* kitsuneUITests */ = {
			isa = PBXGroup;
			children = (
				4B4CED3C20ABAB6000365807 /* kitsuneUITests.swift */,
				4B4CED3E20ABAB6000365807 /* Info.plist */,
			);
			path = kitsuneUITests;
			sourceTree = "<group>";
		};
		4BD1F83D20ABDBCB00B13700 /* APIResponseClasses */ = {
			isa = PBXGroup;
			children = (
				4BD1F83E20ABDBE500B13700 /* Category.swift */,
				4BD1F84020ABDC1700B13700 /* Result.swift */,
				4BD1F84320ABDCE300B13700 /* ResultLocation.swift */,
				4BD1F84620ABDD4200B13700 /* YelpAPIResponse.swift */,
			);
			path = APIResponseClasses;
			sourceTree = "<group>";
		};
/* End PBXGroup section */

/* Begin PBXNativeTarget section */
		4B4CED1820ABAB5F00365807 /* kitsune */ = {
			isa = PBXNativeTarget;
			buildConfigurationList = 4B4CED4120ABAB6000365807 /* Build configuration list for PBXNativeTarget "kitsune" */;
			buildPhases = (
				4B4CED1520ABAB5F00365807 /* Sources */,
				4B4CED1620ABAB5F00365807 /* Frameworks */,
				4B4CED1720ABAB5F00365807 /* Resources */,
			);
			buildRules = (
			);
			dependencies = (
			);
			name = kitsune;
			productName = kitsune;
			productReference = 4B4CED1920ABAB5F00365807 /* kitsune.app */;
			productType = "com.apple.product-type.application";
		};
		4B4CED2C20ABAB6000365807 /* kitsuneTests */ = {
			isa = PBXNativeTarget;
			buildConfigurationList = 4B4CED4420ABAB6000365807 /* Build configuration list for PBXNativeTarget "kitsuneTests" */;
			buildPhases = (
				4B4CED2920ABAB6000365807 /* Sources */,
				4B4CED2A20ABAB6000365807 /* Frameworks */,
				4B4CED2B20ABAB6000365807 /* Resources */,
			);
			buildRules = (
			);
			dependencies = (
				4B4CED2F20ABAB6000365807 /* PBXTargetDependency */,
			);
			name = kitsuneTests;
			productName = kitsuneTests;
			productReference = 4B4CED2D20ABAB6000365807 /* kitsuneTests.xctest */;
			productType = "com.apple.product-type.bundle.unit-test";
		};
		4B4CED3720ABAB6000365807 /* kitsuneUITests */ = {
			isa = PBXNativeTarget;
			buildConfigurationList = 4B4CED4720ABAB6000365807 /* Build configuration list for PBXNativeTarget "kitsuneUITests" */;
			buildPhases = (
				4B4CED3420ABAB6000365807 /* Sources */,
				4B4CED3520ABAB6000365807 /* Frameworks */,
				4B4CED3620ABAB6000365807 /* Resources */,
			);
			buildRules = (
			);
			dependencies = (
				4B4CED3A20ABAB6000365807 /* PBXTargetDependency */,
			);
			name = kitsuneUITests;
			productName = kitsuneUITests;
			productReference = 4B4CED3820ABAB6000365807 /* kitsuneUITests.xctest */;
			productType = "com.apple.product-type.bundle.ui-testing";
		};
/* End PBXNativeTarget section */

/* Begin PBXProject section */
		4B4CED1120ABAB5F00365807 /* Project object */ = {
			isa = PBXProject;
			attributes = {
				LastSwiftUpdateCheck = 0930;
				LastUpgradeCheck = 0930;
				ORGANIZATIONNAME = greene;
				TargetAttributes = {
					4B4CED1820ABAB5F00365807 = {
						CreatedOnToolsVersion = 9.3.1;
					};
					4B4CED2C20ABAB6000365807 = {
						CreatedOnToolsVersion = 9.3.1;
						TestTargetID = 4B4CED1820ABAB5F00365807;
					};
					4B4CED3720ABAB6000365807 = {
						CreatedOnToolsVersion = 9.3.1;
						TestTargetID = 4B4CED1820ABAB5F00365807;
					};
				};
			};
			buildConfigurationList = 4B4CED1420ABAB5F00365807 /* Build configuration list for PBXProject "kitsune" */;
			compatibilityVersion = "Xcode 9.3";
			developmentRegion = en;
			hasScannedForEncodings = 0;
			knownRegions = (
				en,
				Base,
			);
			mainGroup = 4B4CED1020ABAB5F00365807;
			productRefGroup = 4B4CED1A20ABAB5F00365807 /* Products */;
			projectDirPath = "";
			projectRoot = "";
			targets = (
				4B4CED1820ABAB5F00365807 /* kitsune */,
				4B4CED2C20ABAB6000365807 /* kitsuneTests */,
				4B4CED3720ABAB6000365807 /* kitsuneUITests */,
			);
		};
/* End PBXProject section */

/* Begin PBXResourcesBuildPhase section */
		4B4CED1720ABAB5F00365807 /* Resources */ = {
			isa = PBXResourcesBuildPhase;
			buildActionMask = 2147483647;
			files = (
				4B4CED2720ABAB6000365807 /* LaunchScreen.storyboard in Resources */,
				4B4CED2420ABAB6000365807 /* Assets.xcassets in Resources */,
			);
			runOnlyForDeploymentPostprocessing = 0;
		};
		4B4CED2B20ABAB6000365807 /* Resources */ = {
			isa = PBXResourcesBuildPhase;
			buildActionMask = 2147483647;
			files = (
			);
			runOnlyForDeploymentPostprocessing = 0;
		};
		4B4CED3620ABAB6000365807 /* Resources */ = {
			isa = PBXResourcesBuildPhase;
			buildActionMask = 2147483647;
			files = (
			);
			runOnlyForDeploymentPostprocessing = 0;
		};
/* End PBXResourcesBuildPhase section */

/* Begin PBXSourcesBuildPhase section */
		4B4CED1520ABAB5F00365807 /* Sources */ = {
			isa = PBXSourcesBuildPhase;
			buildActionMask = 2147483647;
			files = (
				4B07359E20ABB761008BBD76 /* TabBarController.swift in Sources */,
				4BD1F84720ABDD4200B13700 /* YelpAPIResponse.swift in Sources */,
				4B4CED1F20ABAB5F00365807 /* ResultsViewController.swift in Sources */,
				4B0735A020ABBA16008BBD76 /* FavoritesViewController.swift in Sources */,
				EE8715C320ABBE2F00FA9609 /* Kitsune.xcdatamodeld in Sources */,
				EE8715C020ABBDC100FA9609 /* SettingsViewController.swift in Sources */,
				4BD1F84120ABDC1700B13700 /* Result.swift in Sources */,
				4B4CED1D20ABAB5F00365807 /* AppDelegate.swift in Sources */,
				4BD1F83F20ABDBE500B13700 /* Category.swift in Sources */,
				4BD1F84420ABDCE300B13700 /* ResultLocation.swift in Sources */,
			);
			runOnlyForDeploymentPostprocessing = 0;
		};
		4B4CED2920ABAB6000365807 /* Sources */ = {
			isa = PBXSourcesBuildPhase;
			buildActionMask = 2147483647;
			files = (
				4B4CED3220ABAB6000365807 /* kitsuneTests.swift in Sources */,
			);
			runOnlyForDeploymentPostprocessing = 0;
		};
		4B4CED3420ABAB6000365807 /* Sources */ = {
			isa = PBXSourcesBuildPhase;
			buildActionMask = 2147483647;
			files = (
				4B4CED3D20ABAB6000365807 /* kitsuneUITests.swift in Sources */,
			);
			runOnlyForDeploymentPostprocessing = 0;
		};
/* End PBXSourcesBuildPhase section */

/* Begin PBXTargetDependency section */
		4B4CED2F20ABAB6000365807 /* PBXTargetDependency */ = {
			isa = PBXTargetDependency;
			target = 4B4CED1820ABAB5F00365807 /* kitsune */;
			targetProxy = 4B4CED2E20ABAB6000365807 /* PBXContainerItemProxy */;
		};
		4B4CED3A20ABAB6000365807 /* PBXTargetDependency */ = {
			isa = PBXTargetDependency;
			target = 4B4CED1820ABAB5F00365807 /* kitsune */;
			targetProxy = 4B4CED3920ABAB6000365807 /* PBXContainerItemProxy */;
		};
/* End PBXTargetDependency section */

/* Begin PBXVariantGroup section */
		4B4CED2520ABAB6000365807 /* LaunchScreen.storyboard */ = {
			isa = PBXVariantGroup;
			children = (
				4B4CED2620ABAB6000365807 /* Base */,
			);
			name = LaunchScreen.storyboard;
			sourceTree = "<group>";
		};
/* End PBXVariantGroup section */

/* Begin XCBuildConfiguration section */
		4B4CED3F20ABAB6000365807 /* Debug */ = {
			isa = XCBuildConfiguration;
			buildSettings = {
				ALWAYS_SEARCH_USER_PATHS = NO;
				CLANG_ANALYZER_NONNULL = YES;
				CLANG_ANALYZER_NUMBER_OBJECT_CONVERSION = YES_AGGRESSIVE;
				CLANG_CXX_LANGUAGE_STANDARD = "gnu++14";
				CLANG_CXX_LIBRARY = "libc++";
				CLANG_ENABLE_MODULES = YES;
				CLANG_ENABLE_OBJC_ARC = YES;
				CLANG_ENABLE_OBJC_WEAK = YES;
				CLANG_WARN_BLOCK_CAPTURE_AUTORELEASING = YES;
				CLANG_WARN_BOOL_CONVERSION = YES;
				CLANG_WARN_COMMA = YES;
				CLANG_WARN_CONSTANT_CONVERSION = YES;
				CLANG_WARN_DEPRECATED_OBJC_IMPLEMENTATIONS = YES;
				CLANG_WARN_DIRECT_OBJC_ISA_USAGE = YES_ERROR;
				CLANG_WARN_DOCUMENTATION_COMMENTS = YES;
				CLANG_WARN_EMPTY_BODY = YES;
				CLANG_WARN_ENUM_CONVERSION = YES;
				CLANG_WARN_INFINITE_RECURSION = YES;
				CLANG_WARN_INT_CONVERSION = YES;
				CLANG_WARN_NON_LITERAL_NULL_CONVERSION = YES;
				CLANG_WARN_OBJC_IMPLICIT_RETAIN_SELF = YES;
				CLANG_WARN_OBJC_LITERAL_CONVERSION = YES;
				CLANG_WARN_OBJC_ROOT_CLASS = YES_ERROR;
				CLANG_WARN_RANGE_LOOP_ANALYSIS = YES;
				CLANG_WARN_STRICT_PROTOTYPES = YES;
				CLANG_WARN_SUSPICIOUS_MOVE = YES;
				CLANG_WARN_UNGUARDED_AVAILABILITY = YES_AGGRESSIVE;
				CLANG_WARN_UNREACHABLE_CODE = YES;
				CLANG_WARN__DUPLICATE_METHOD_MATCH = YES;
				CODE_SIGN_IDENTITY = "iPhone Developer";
				COPY_PHASE_STRIP = NO;
				DEBUG_INFORMATION_FORMAT = dwarf;
				ENABLE_STRICT_OBJC_MSGSEND = YES;
				ENABLE_TESTABILITY = YES;
				GCC_C_LANGUAGE_STANDARD = gnu11;
				GCC_DYNAMIC_NO_PIC = NO;
				GCC_NO_COMMON_BLOCKS = YES;
				GCC_OPTIMIZATION_LEVEL = 0;
				GCC_PREPROCESSOR_DEFINITIONS = (
					"DEBUG=1",
					"$(inherited)",
				);
				GCC_WARN_64_TO_32_BIT_CONVERSION = YES;
				GCC_WARN_ABOUT_RETURN_TYPE = YES_ERROR;
				GCC_WARN_UNDECLARED_SELECTOR = YES;
				GCC_WARN_UNINITIALIZED_AUTOS = YES_AGGRESSIVE;
				GCC_WARN_UNUSED_FUNCTION = YES;
				GCC_WARN_UNUSED_VARIABLE = YES;
				IPHONEOS_DEPLOYMENT_TARGET = 11.3;
				MTL_ENABLE_DEBUG_INFO = YES;
				ONLY_ACTIVE_ARCH = YES;
				SDKROOT = iphoneos;
				SWIFT_ACTIVE_COMPILATION_CONDITIONS = DEBUG;
				SWIFT_OPTIMIZATION_LEVEL = "-Onone";
			};
			name = Debug;
		};
		4B4CED4020ABAB6000365807 /* Release */ = {
			isa = XCBuildConfiguration;
			buildSettings = {
				ALWAYS_SEARCH_USER_PATHS = NO;
				CLANG_ANALYZER_NONNULL = YES;
				CLANG_ANALYZER_NUMBER_OBJECT_CONVERSION = YES_AGGRESSIVE;
				CLANG_CXX_LANGUAGE_STANDARD = "gnu++14";
				CLANG_CXX_LIBRARY = "libc++";
				CLANG_ENABLE_MODULES = YES;
				CLANG_ENABLE_OBJC_ARC = YES;
				CLANG_ENABLE_OBJC_WEAK = YES;
				CLANG_WARN_BLOCK_CAPTURE_AUTORELEASING = YES;
				CLANG_WARN_BOOL_CONVERSION = YES;
				CLANG_WARN_COMMA = YES;
				CLANG_WARN_CONSTANT_CONVERSION = YES;
				CLANG_WARN_DEPRECATED_OBJC_IMPLEMENTATIONS = YES;
				CLANG_WARN_DIRECT_OBJC_ISA_USAGE = YES_ERROR;
				CLANG_WARN_DOCUMENTATION_COMMENTS = YES;
				CLANG_WARN_EMPTY_BODY = YES;
				CLANG_WARN_ENUM_CONVERSION = YES;
				CLANG_WARN_INFINITE_RECURSION = YES;
				CLANG_WARN_INT_CONVERSION = YES;
				CLANG_WARN_NON_LITERAL_NULL_CONVERSION = YES;
				CLANG_WARN_OBJC_IMPLICIT_RETAIN_SELF = YES;
				CLANG_WARN_OBJC_LITERAL_CONVERSION = YES;
				CLANG_WARN_OBJC_ROOT_CLASS = YES_ERROR;
				CLANG_WARN_RANGE_LOOP_ANALYSIS = YES;
				CLANG_WARN_STRICT_PROTOTYPES = YES;
				CLANG_WARN_SUSPICIOUS_MOVE = YES;
				CLANG_WARN_UNGUARDED_AVAILABILITY = YES_AGGRESSIVE;
				CLANG_WARN_UNREACHABLE_CODE = YES;
				CLANG_WARN__DUPLICATE_METHOD_MATCH = YES;
				CODE_SIGN_IDENTITY = "iPhone Developer";
				COPY_PHASE_STRIP = NO;
				DEBUG_INFORMATION_FORMAT = "dwarf-with-dsym";
				ENABLE_NS_ASSERTIONS = NO;
				ENABLE_STRICT_OBJC_MSGSEND = YES;
				GCC_C_LANGUAGE_STANDARD = gnu11;
				GCC_NO_COMMON_BLOCKS = YES;
				GCC_WARN_64_TO_32_BIT_CONVERSION = YES;
				GCC_WARN_ABOUT_RETURN_TYPE = YES_ERROR;
				GCC_WARN_UNDECLARED_SELECTOR = YES;
				GCC_WARN_UNINITIALIZED_AUTOS = YES_AGGRESSIVE;
				GCC_WARN_UNUSED_FUNCTION = YES;
				GCC_WARN_UNUSED_VARIABLE = YES;
				IPHONEOS_DEPLOYMENT_TARGET = 11.3;
				MTL_ENABLE_DEBUG_INFO = NO;
				SDKROOT = iphoneos;
				SWIFT_COMPILATION_MODE = wholemodule;
				SWIFT_OPTIMIZATION_LEVEL = "-O";
				VALIDATE_PRODUCT = YES;
			};
			name = Release;
		};
		4B4CED4220ABAB6000365807 /* Debug */ = {
			isa = XCBuildConfiguration;
			buildSettings = {
				ASSETCATALOG_COMPILER_APPICON_NAME = AppIcon;
				CODE_SIGN_STYLE = Automatic;
				DEVELOPMENT_TEAM = 847HNTGAGK;
				INFOPLIST_FILE = kitsune/Info.plist;
				LD_RUNPATH_SEARCH_PATHS = (
					"$(inherited)",
					"@executable_path/Frameworks",
				);
				PRODUCT_BUNDLE_IDENTIFIER = com.greene.kitsune;
				PRODUCT_NAME = "$(TARGET_NAME)";
				SWIFT_VERSION = 4.0;
				TARGETED_DEVICE_FAMILY = "1,2";
			};
			name = Debug;
		};
		4B4CED4320ABAB6000365807 /* Release */ = {
			isa = XCBuildConfiguration;
			buildSettings = {
				ASSETCATALOG_COMPILER_APPICON_NAME = AppIcon;
				CODE_SIGN_STYLE = Automatic;
				DEVELOPMENT_TEAM = 847HNTGAGK;
				INFOPLIST_FILE = kitsune/Info.plist;
				LD_RUNPATH_SEARCH_PATHS = (
					"$(inherited)",
					"@executable_path/Frameworks",
				);
				PRODUCT_BUNDLE_IDENTIFIER = com.greene.kitsune;
				PRODUCT_NAME = "$(TARGET_NAME)";
				SWIFT_VERSION = 4.0;
				TARGETED_DEVICE_FAMILY = "1,2";
			};
			name = Release;
		};
		4B4CED4520ABAB6000365807 /* Debug */ = {
			isa = XCBuildConfiguration;
			buildSettings = {
				ALWAYS_EMBED_SWIFT_STANDARD_LIBRARIES = YES;
				BUNDLE_LOADER = "$(TEST_HOST)";
				CODE_SIGN_STYLE = Automatic;
				DEVELOPMENT_TEAM = 847HNTGAGK;
				INFOPLIST_FILE = kitsuneTests/Info.plist;
				LD_RUNPATH_SEARCH_PATHS = (
					"$(inherited)",
					"@executable_path/Frameworks",
					"@loader_path/Frameworks",
				);
				PRODUCT_BUNDLE_IDENTIFIER = com.greene.kitsuneTests;
				PRODUCT_NAME = "$(TARGET_NAME)";
				SWIFT_VERSION = 4.0;
				TARGETED_DEVICE_FAMILY = "1,2";
				TEST_HOST = "$(BUILT_PRODUCTS_DIR)/kitsune.app/kitsune";
			};
			name = Debug;
		};
		4B4CED4620ABAB6000365807 /* Release */ = {
			isa = XCBuildConfiguration;
			buildSettings = {
				ALWAYS_EMBED_SWIFT_STANDARD_LIBRARIES = YES;
				BUNDLE_LOADER = "$(TEST_HOST)";
				CODE_SIGN_STYLE = Automatic;
				DEVELOPMENT_TEAM = 847HNTGAGK;
				INFOPLIST_FILE = kitsuneTests/Info.plist;
				LD_RUNPATH_SEARCH_PATHS = (
					"$(inherited)",
					"@executable_path/Frameworks",
					"@loader_path/Frameworks",
				);
				PRODUCT_BUNDLE_IDENTIFIER = com.greene.kitsuneTests;
				PRODUCT_NAME = "$(TARGET_NAME)";
				SWIFT_VERSION = 4.0;
				TARGETED_DEVICE_FAMILY = "1,2";
				TEST_HOST = "$(BUILT_PRODUCTS_DIR)/kitsune.app/kitsune";
			};
			name = Release;
		};
		4B4CED4820ABAB6000365807 /* Debug */ = {
			isa = XCBuildConfiguration;
			buildSettings = {
				ALWAYS_EMBED_SWIFT_STANDARD_LIBRARIES = YES;
				CODE_SIGN_STYLE = Automatic;
				DEVELOPMENT_TEAM = 847HNTGAGK;
				INFOPLIST_FILE = kitsuneUITests/Info.plist;
				LD_RUNPATH_SEARCH_PATHS = (
					"$(inherited)",
					"@executable_path/Frameworks",
					"@loader_path/Frameworks",
				);
				PRODUCT_BUNDLE_IDENTIFIER = com.greene.kitsuneUITests;
				PRODUCT_NAME = "$(TARGET_NAME)";
				SWIFT_VERSION = 4.0;
				TARGETED_DEVICE_FAMILY = "1,2";
				TEST_TARGET_NAME = kitsune;
			};
			name = Debug;
		};
		4B4CED4920ABAB6000365807 /* Release */ = {
			isa = XCBuildConfiguration;
			buildSettings = {
				ALWAYS_EMBED_SWIFT_STANDARD_LIBRARIES = YES;
				CODE_SIGN_STYLE = Automatic;
				DEVELOPMENT_TEAM = 847HNTGAGK;
				INFOPLIST_FILE = kitsuneUITests/Info.plist;
				LD_RUNPATH_SEARCH_PATHS = (
					"$(inherited)",
					"@executable_path/Frameworks",
					"@loader_path/Frameworks",
				);
				PRODUCT_BUNDLE_IDENTIFIER = com.greene.kitsuneUITests;
				PRODUCT_NAME = "$(TARGET_NAME)";
				SWIFT_VERSION = 4.0;
				TARGETED_DEVICE_FAMILY = "1,2";
				TEST_TARGET_NAME = kitsune;
			};
			name = Release;
		};
/* End XCBuildConfiguration section */

/* Begin XCConfigurationList section */
		4B4CED1420ABAB5F00365807 /* Build configuration list for PBXProject "kitsune" */ = {
			isa = XCConfigurationList;
			buildConfigurations = (
				4B4CED3F20ABAB6000365807 /* Debug */,
				4B4CED4020ABAB6000365807 /* Release */,
			);
			defaultConfigurationIsVisible = 0;
			defaultConfigurationName = Release;
		};
		4B4CED4120ABAB6000365807 /* Build configuration list for PBXNativeTarget "kitsune" */ = {
			isa = XCConfigurationList;
			buildConfigurations = (
				4B4CED4220ABAB6000365807 /* Debug */,
				4B4CED4320ABAB6000365807 /* Release */,
			);
			defaultConfigurationIsVisible = 0;
			defaultConfigurationName = Release;
		};
		4B4CED4420ABAB6000365807 /* Build configuration list for PBXNativeTarget "kitsuneTests" */ = {
			isa = XCConfigurationList;
			buildConfigurations = (
				4B4CED4520ABAB6000365807 /* Debug */,
				4B4CED4620ABAB6000365807 /* Release */,
			);
			defaultConfigurationIsVisible = 0;
			defaultConfigurationName = Release;
		};
		4B4CED4720ABAB6000365807 /* Build configuration list for PBXNativeTarget "kitsuneUITests" */ = {
			isa = XCConfigurationList;
			buildConfigurations = (
				4B4CED4820ABAB6000365807 /* Debug */,
				4B4CED4920ABAB6000365807 /* Release */,
			);
			defaultConfigurationIsVisible = 0;
			defaultConfigurationName = Release;
		};
/* End XCConfigurationList section */

/* Begin XCVersionGroup section */
		EE8715C120ABBE2F00FA9609 /* Kitsune.xcdatamodeld */ = {
			isa = XCVersionGroup;
			children = (
				EE8715C220ABBE2F00FA9609 /* Kitsune.xcdatamodel */,
			);
			currentVersion = EE8715C220ABBE2F00FA9609 /* Kitsune.xcdatamodel */;
			path = Kitsune.xcdatamodeld;
			sourceTree = "<group>";
			versionGroupType = wrapper.xcdatamodel;
		};
/* End XCVersionGroup section */
	};
	rootObject = 4B4CED1120ABAB5F00365807 /* Project object */;
}
